{
  "name": "miles_kabinizer",
  "lockfileVersion": 3,
  "requires": true,
  "packages": {
    "": {
      "devDependencies": {
        "@tanstack/react-query-devtools": "^5.29.2"
      }
    },
    "node_modules/@tanstack/query-core": {
      "version": "5.29.0",
      "resolved": "https://registry.npmjs.org/@tanstack/query-core/-/query-core-5.29.0.tgz",
      "integrity": "sha512-WgPTRs58hm9CMzEr5jpISe8HXa3qKQ8CxewdYZeVnA54JrPY9B1CZiwsCoLpLkf0dGRZq+LcX5OiJb0bEsOFww==",
      "dev": true,
      "peer": true,
      "funding": {
        "type": "github",
        "url": "https://github.com/sponsors/tannerlinsley"
      }
    },
    "node_modules/@tanstack/query-devtools": {
      "version": "5.28.10",
      "resolved": "https://registry.npmjs.org/@tanstack/query-devtools/-/query-devtools-5.28.10.tgz",
      "integrity": "sha512-5UN629fKa5/1K/2Pd26gaU7epxRrYiT1gy+V+pW5K6hnf1DeUKK3pANSb2eHKlecjIKIhTwyF7k9XdyE2gREvQ==",
      "dev": true,
      "funding": {
        "type": "github",
        "url": "https://github.com/sponsors/tannerlinsley"
      }
    },
    "node_modules/@tanstack/react-query": {
      "version": "5.29.2",
      "resolved": "https://registry.npmjs.org/@tanstack/react-query/-/react-query-5.29.2.tgz",
      "integrity": "sha512-nyuWILR4u7H5moLGSiifLh8kIqQDLNOHGuSz0rcp+J75fNc8aQLyr5+I2JCHU3n+nJrTTW1ssgAD8HiKD7IFBQ==",
      "dev": true,
      "peer": true,
      "dependencies": {
        "@tanstack/query-core": "5.29.0"
      },
      "funding": {
        "type": "github",
        "url": "https://github.com/sponsors/tannerlinsley"
      },
      "peerDependencies": {
        "react": "^18.0.0"
      }
    },
    "node_modules/@tanstack/react-query-devtools": {
      "version": "5.29.2",
      "resolved": "https://registry.npmjs.org/@tanstack/react-query-devtools/-/react-query-devtools-5.29.2.tgz",
      "integrity": "sha512-EmsaLNa8iFtReAW+5ftom0/TW78fIosVor517ak/+JFaoTBw8Yub3ao937JFE6AM3K/HXhteqvObetgt1ndLcw==",
      "dev": true,
      "dependencies": {
        "@tanstack/query-devtools": "5.28.10"
      },
      "funding": {
        "type": "github",
        "url": "https://github.com/sponsors/tannerlinsley"
      },
      "peerDependencies": {
        "@tanstack/react-query": "^5.29.2",
        "react": "^18.0.0"
      }
    },
    "node_modules/js-tokens": {
      "version": "4.0.0",
      "resolved": "https://registry.npmjs.org/js-tokens/-/js-tokens-4.0.0.tgz",
      "integrity": "sha512-RdJUflcE3cUzKiMqQgsCu06FPu9UdIJO0beYbPhHN4k6apgJtifcoCtT9bcxOpYBtpD2kCM6Sbzg4CausW/PKQ==",
      "dev": true,
      "peer": true
    },
    "node_modules/loose-envify": {
      "version": "1.4.0",
      "resolved": "https://registry.npmjs.org/loose-envify/-/loose-envify-1.4.0.tgz",
      "integrity": "sha512-lyuxPGr/Wfhrlem2CL/UcnUc1zcqKAImBDzukY7Y5F/yQiNdko6+fRLevlw1HgMySw7f611UIY408EtxRSoK3Q==",
      "dev": true,
      "peer": true,
      "dependencies": {
        "js-tokens": "^3.0.0 || ^4.0.0"
      },
      "bin": {
        "loose-envify": "cli.js"
      }
    },
    "node_modules/react": {
      "version": "18.2.0",
      "resolved": "https://registry.npmjs.org/react/-/react-18.2.0.tgz",
      "integrity": "sha512-/3IjMdb2L9QbBdWiW5e3P2/npwMBaU9mHCSCUzNln0ZCYbcfTsGbTJrU/kGemdH2IWmB2ioZ+zkxtmq6g09fGQ==",
      "dev": true,
      "peer": true,
      "dependencies": {
        "loose-envify": "^1.1.0"
      },
      "engines": {
        "node": ">=0.10.0"
      }
    }
  }
}
